// !$*UTF8*$!
{
	archiveVersion = 1;
	classes = {
	};
	objectVersion = 50;
	objects = {

/* Begin PBXBuildFile section */
		E68B7D1F21EBE80C005236F9 /* main.cc in Sources */ = {isa = PBXBuildFile; fileRef = E68B7D1E21EBE80C005236F9 /* main.cc */; };
		E6CBC45721ED7A040000AFAE /* BField.cc in Sources */ = {isa = PBXBuildFile; fileRef = E6CBC45621ED7A040000AFAE /* BField.cc */; };
		E6CBC45A21ED7A200000AFAE /* EField.cc in Sources */ = {isa = PBXBuildFile; fileRef = E6CBC45921ED7A200000AFAE /* EField.cc */; };
		E6CBC45E21ED7A7B0000AFAE /* Charge.cc in Sources */ = {isa = PBXBuildFile; fileRef = E6CBC45D21ED7A7B0000AFAE /* Charge.cc */; };
		E6CBC46121ED7A8C0000AFAE /* Current.cc in Sources */ = {isa = PBXBuildFile; fileRef = E6CBC46021ED7A8C0000AFAE /* Current.cc */; };
		E6CBC46421ED7AB60000AFAE /* Species.cc in Sources */ = {isa = PBXBuildFile; fileRef = E6CBC46321ED7AB60000AFAE /* Species.cc */; };
/* End PBXBuildFile section */

/* Begin PBXCopyFilesBuildPhase section */
		E68B7D1921EBE80C005236F9 /* CopyFiles */ = {
			isa = PBXCopyFilesBuildPhase;
			buildActionMask = 2147483647;
			dstPath = /usr/share/man/man1/;
			dstSubfolderSpec = 0;
			files = (
			);
			runOnlyForDeploymentPostprocessing = 1;
		};
/* End PBXCopyFilesBuildPhase section */

/* Begin PBXFileReference section */
		E68B7D1B21EBE80C005236F9 /* hybrid_1d */ = {isa = PBXFileReference; explicitFileType = "compiled.mach-o.executable"; includeInIndex = 0; path = hybrid_1d; sourceTree = BUILT_PRODUCTS_DIR; };
		E68B7D1E21EBE80C005236F9 /* main.cc */ = {isa = PBXFileReference; lastKnownFileType = sourcecode.cpp.cpp; path = main.cc; sourceTree = "<group>"; };
		E68B7D2521EBF1CC005236F9 /* Makefile */ = {isa = PBXFileReference; lastKnownFileType = sourcecode.make; path = Makefile; sourceTree = "<group>"; };
		E68B7D2621EBF6B6005236F9 /* README.md */ = {isa = PBXFileReference; lastKnownFileType = net.daringfireball.markdown; path = README.md; sourceTree = "<group>"; };
		E68B7D2721EBF6CD005236F9 /* Makefile */ = {isa = PBXFileReference; lastKnownFileType = sourcecode.make; path = Makefile; sourceTree = "<group>"; };
		E68B7D2821EBF6EE005236F9 /* hybrid-code-tutorial.key */ = {isa = PBXFileReference; lastKnownFileType = file; path = "hybrid-code-tutorial.key"; sourceTree = "<group>"; };
		E68B7D2921EBF727005236F9 /* LICENSE */ = {isa = PBXFileReference; lastKnownFileType = text; path = LICENSE; sourceTree = "<group>"; };
		E68B7D2B21EE8EB1005236F9 /* ParticlePush.h */ = {isa = PBXFileReference; lastKnownFileType = sourcecode.c.h; path = ParticlePush.h; sourceTree = "<group>"; };
		E6CBC44B21EC4F9A0000AFAE /* Macros.h */ = {isa = PBXFileReference; lastKnownFileType = sourcecode.c.h; path = Macros.h; sourceTree = "<group>"; };
		E6CBC44D21EC50490000AFAE /* Predefined.h */ = {isa = PBXFileReference; lastKnownFileType = sourcecode.c.h; path = Predefined.h; sourceTree = "<group>"; };
		E6CBC44E21EC512E0000AFAE /* Inputs.h */ = {isa = PBXFileReference; lastKnownFileType = sourcecode.c.h; path = Inputs.h; sourceTree = "<group>"; };
		E6CBC45221ED4F720000AFAE /* Scalar.h */ = {isa = PBXFileReference; lastKnownFileType = sourcecode.c.h; path = Scalar.h; sourceTree = "<group>"; };
		E6CBC45321ED4F7D0000AFAE /* Vector.h */ = {isa = PBXFileReference; lastKnownFileType = sourcecode.c.h; path = Vector.h; sourceTree = "<group>"; };
		E6CBC45521ED7A040000AFAE /* BField.h */ = {isa = PBXFileReference; lastKnownFileType = sourcecode.c.h; path = BField.h; sourceTree = "<group>"; };
		E6CBC45621ED7A040000AFAE /* BField.cc */ = {isa = PBXFileReference; lastKnownFileType = sourcecode.cpp.cpp; path = BField.cc; sourceTree = "<group>"; };
		E6CBC45821ED7A200000AFAE /* EField.h */ = {isa = PBXFileReference; lastKnownFileType = sourcecode.c.h; path = EField.h; sourceTree = "<group>"; };
		E6CBC45921ED7A200000AFAE /* EField.cc */ = {isa = PBXFileReference; lastKnownFileType = sourcecode.cpp.cpp; path = EField.cc; sourceTree = "<group>"; };
		E6CBC45B21ED7A4D0000AFAE /* Moment.h */ = {isa = PBXFileReference; lastKnownFileType = sourcecode.c.h; path = Moment.h; sourceTree = "<group>"; };
		E6CBC45C21ED7A7B0000AFAE /* Charge.h */ = {isa = PBXFileReference; lastKnownFileType = sourcecode.c.h; path = Charge.h; sourceTree = "<group>"; };
		E6CBC45D21ED7A7B0000AFAE /* Charge.cc */ = {isa = PBXFileReference; lastKnownFileType = sourcecode.cpp.cpp; path = Charge.cc; sourceTree = "<group>"; };
		E6CBC45F21ED7A8C0000AFAE /* Current.h */ = {isa = PBXFileReference; lastKnownFileType = sourcecode.c.h; path = Current.h; sourceTree = "<group>"; };
		E6CBC46021ED7A8C0000AFAE /* Current.cc */ = {isa = PBXFileReference; lastKnownFileType = sourcecode.cpp.cpp; path = Current.cc; sourceTree = "<group>"; };
		E6CBC46221ED7AB60000AFAE /* Species.h */ = {isa = PBXFileReference; lastKnownFileType = sourcecode.c.h; path = Species.h; sourceTree = "<group>"; };
		E6CBC46321ED7AB60000AFAE /* Species.cc */ = {isa = PBXFileReference; lastKnownFileType = sourcecode.cpp.cpp; path = Species.cc; sourceTree = "<group>"; };
		E6CBC46621EDC76A0000AFAE /* GridQ.h */ = {isa = PBXFileReference; lastKnownFileType = sourcecode.c.h; path = GridQ.h; sourceTree = "<group>"; };
/* End PBXFileReference section */

/* Begin PBXFrameworksBuildPhase section */
		E68B7D1821EBE80C005236F9 /* Frameworks */ = {
			isa = PBXFrameworksBuildPhase;
			buildActionMask = 2147483647;
			files = (
			);
			runOnlyForDeploymentPostprocessing = 0;
		};
/* End PBXFrameworksBuildPhase section */

/* Begin PBXGroup section */
		E68B7D1221EBE80C005236F9 = {
			isa = PBXGroup;
			children = (
				E68B7D2721EBF6CD005236F9 /* Makefile */,
				E68B7D2921EBF727005236F9 /* LICENSE */,
				E68B7D2621EBF6B6005236F9 /* README.md */,
				E68B7D2821EBF6EE005236F9 /* hybrid-code-tutorial.key */,
				E68B7D1D21EBE80C005236F9 /* hybrid_1d */,
				E68B7D1C21EBE80C005236F9 /* Products */,
			);
			sourceTree = "<group>";
		};
		E68B7D1C21EBE80C005236F9 /* Products */ = {
			isa = PBXGroup;
			children = (
				E68B7D1B21EBE80C005236F9 /* hybrid_1d */,
			);
			name = Products;
			sourceTree = "<group>";
		};
		E68B7D1D21EBE80C005236F9 /* hybrid_1d */ = {
			isa = PBXGroup;
			children = (
				E68B7D2521EBF1CC005236F9 /* Makefile */,
				E6CBC44B21EC4F9A0000AFAE /* Macros.h */,
				E6CBC44D21EC50490000AFAE /* Predefined.h */,
				E6CBC44E21EC512E0000AFAE /* Inputs.h */,
				E6CBC45421ED555A0000AFAE /* Utility */,
				E6CBC46521ED7B580000AFAE /* Module */,
				E68B7D1E21EBE80C005236F9 /* main.cc */,
			);
			path = hybrid_1d;
			sourceTree = "<group>";
		};
		E6CBC45421ED555A0000AFAE /* Utility */ = {
			isa = PBXGroup;
			children = (
				E6CBC45221ED4F720000AFAE /* Scalar.h */,
				E6CBC45321ED4F7D0000AFAE /* Vector.h */,
				E68B7D2B21EE8EB1005236F9 /* ParticlePush.h */,
			);
			path = Utility;
			sourceTree = "<group>";
		};
		E6CBC46521ED7B580000AFAE /* Module */ = {
			isa = PBXGroup;
			children = (
				E6CBC46621EDC76A0000AFAE /* GridQ.h */,
				E6CBC45521ED7A040000AFAE /* BField.h */,
				E6CBC45621ED7A040000AFAE /* BField.cc */,
				E6CBC45821ED7A200000AFAE /* EField.h */,
				E6CBC45921ED7A200000AFAE /* EField.cc */,
				E6CBC45B21ED7A4D0000AFAE /* Moment.h */,
				E6CBC45C21ED7A7B0000AFAE /* Charge.h */,
				E6CBC45D21ED7A7B0000AFAE /* Charge.cc */,
				E6CBC45F21ED7A8C0000AFAE /* Current.h */,
				E6CBC46021ED7A8C0000AFAE /* Current.cc */,
				E6CBC46221ED7AB60000AFAE /* Species.h */,
				E6CBC46321ED7AB60000AFAE /* Species.cc */,
			);
			path = Module;
			sourceTree = "<group>";
		};
/* End PBXGroup section */

/* Begin PBXNativeTarget section */
		E68B7D1A21EBE80C005236F9 /* hybrid_1d */ = {
			isa = PBXNativeTarget;
			buildConfigurationList = E68B7D2221EBE80C005236F9 /* Build configuration list for PBXNativeTarget "hybrid_1d" */;
			buildPhases = (
				E68B7D1721EBE80C005236F9 /* Sources */,
				E68B7D1821EBE80C005236F9 /* Frameworks */,
				E68B7D1921EBE80C005236F9 /* CopyFiles */,
			);
			buildRules = (
			);
			dependencies = (
			);
			name = hybrid_1d;
			productName = hybrid_1d;
			productReference = E68B7D1B21EBE80C005236F9 /* hybrid_1d */;
			productType = "com.apple.product-type.tool";
		};
/* End PBXNativeTarget section */

/* Begin PBXProject section */
		E68B7D1321EBE80C005236F9 /* Project object */ = {
			isa = PBXProject;
			attributes = {
				LastUpgradeCheck = 1010;
				ORGANIZATIONNAME = kyungguk.com;
				TargetAttributes = {
					E68B7D1A21EBE80C005236F9 = {
						CreatedOnToolsVersion = 10.1;
					};
				};
			};
			buildConfigurationList = E68B7D1621EBE80C005236F9 /* Build configuration list for PBXProject "hybrid_1d" */;
			compatibilityVersion = "Xcode 9.3";
			developmentRegion = en;
			hasScannedForEncodings = 0;
			knownRegions = (
				en,
			);
			mainGroup = E68B7D1221EBE80C005236F9;
			productRefGroup = E68B7D1C21EBE80C005236F9 /* Products */;
			projectDirPath = "";
			projectRoot = "";
			targets = (
				E68B7D1A21EBE80C005236F9 /* hybrid_1d */,
			);
		};
/* End PBXProject section */

/* Begin PBXSourcesBuildPhase section */
		E68B7D1721EBE80C005236F9 /* Sources */ = {
			isa = PBXSourcesBuildPhase;
			buildActionMask = 2147483647;
			files = (
				E68B7D1F21EBE80C005236F9 /* main.cc in Sources */,
				E6CBC45721ED7A040000AFAE /* BField.cc in Sources */,
				E6CBC46421ED7AB60000AFAE /* Species.cc in Sources */,
				E6CBC45A21ED7A200000AFAE /* EField.cc in Sources */,
				E6CBC46121ED7A8C0000AFAE /* Current.cc in Sources */,
				E6CBC45E21ED7A7B0000AFAE /* Charge.cc in Sources */,
			);
			runOnlyForDeploymentPostprocessing = 0;
		};
/* End PBXSourcesBuildPhase section */

/* Begin XCBuildConfiguration section */
		E68B7D2021EBE80C005236F9 /* Debug */ = {
			isa = XCBuildConfiguration;
			buildSettings = {
				ALWAYS_SEARCH_USER_PATHS = NO;
				CLANG_ANALYZER_NONNULL = YES;
				CLANG_ANALYZER_NUMBER_OBJECT_CONVERSION = YES_AGGRESSIVE;
				CLANG_CXX_LANGUAGE_STANDARD = "gnu++14";
				CLANG_CXX_LIBRARY = "libc++";
				CLANG_ENABLE_MODULES = YES;
				CLANG_ENABLE_OBJC_ARC = YES;
				CLANG_ENABLE_OBJC_WEAK = YES;
				CLANG_WARN_BLOCK_CAPTURE_AUTORELEASING = YES;
				CLANG_WARN_BOOL_CONVERSION = YES;
				CLANG_WARN_COMMA = YES;
				CLANG_WARN_CONSTANT_CONVERSION = YES;
				CLANG_WARN_DEPRECATED_OBJC_IMPLEMENTATIONS = YES;
				CLANG_WARN_DIRECT_OBJC_ISA_USAGE = YES_ERROR;
				CLANG_WARN_DOCUMENTATION_COMMENTS = YES;
				CLANG_WARN_EMPTY_BODY = YES;
				CLANG_WARN_ENUM_CONVERSION = YES;
				CLANG_WARN_INFINITE_RECURSION = YES;
				CLANG_WARN_INT_CONVERSION = YES;
				CLANG_WARN_NON_LITERAL_NULL_CONVERSION = YES;
				CLANG_WARN_OBJC_IMPLICIT_RETAIN_SELF = YES;
				CLANG_WARN_OBJC_LITERAL_CONVERSION = YES;
				CLANG_WARN_OBJC_ROOT_CLASS = YES_ERROR;
				CLANG_WARN_RANGE_LOOP_ANALYSIS = YES;
				CLANG_WARN_STRICT_PROTOTYPES = YES;
				CLANG_WARN_SUSPICIOUS_MOVE = YES;
				CLANG_WARN_UNGUARDED_AVAILABILITY = YES_AGGRESSIVE;
				CLANG_WARN_UNREACHABLE_CODE = YES;
				CLANG_WARN__DUPLICATE_METHOD_MATCH = YES;
				CODE_SIGN_IDENTITY = "Mac Developer";
				COPY_PHASE_STRIP = NO;
				DEBUG_INFORMATION_FORMAT = dwarf;
				ENABLE_STRICT_OBJC_MSGSEND = YES;
				ENABLE_TESTABILITY = YES;
				GCC_C_LANGUAGE_STANDARD = gnu11;
				GCC_DYNAMIC_NO_PIC = NO;
				GCC_NO_COMMON_BLOCKS = YES;
				GCC_OPTIMIZATION_LEVEL = 0;
				GCC_PREPROCESSOR_DEFINITIONS = (
					"DEBUG=1",
					"$(inherited)",
				);
				GCC_WARN_64_TO_32_BIT_CONVERSION = YES;
				GCC_WARN_ABOUT_RETURN_TYPE = YES_ERROR;
				GCC_WARN_UNDECLARED_SELECTOR = YES;
				GCC_WARN_UNINITIALIZED_AUTOS = YES_AGGRESSIVE;
				GCC_WARN_UNUSED_FUNCTION = YES;
				GCC_WARN_UNUSED_VARIABLE = YES;
				MACOSX_DEPLOYMENT_TARGET = 10.13;
				MTL_ENABLE_DEBUG_INFO = INCLUDE_SOURCE;
				MTL_FAST_MATH = YES;
				ONLY_ACTIVE_ARCH = YES;
				SDKROOT = macosx;
			};
			name = Debug;
		};
		E68B7D2121EBE80C005236F9 /* Release */ = {
			isa = XCBuildConfiguration;
			buildSettings = {
				ALWAYS_SEARCH_USER_PATHS = NO;
				CLANG_ANALYZER_NONNULL = YES;
				CLANG_ANALYZER_NUMBER_OBJECT_CONVERSION = YES_AGGRESSIVE;
				CLANG_CXX_LANGUAGE_STANDARD = "gnu++14";
				CLANG_CXX_LIBRARY = "libc++";
				CLANG_ENABLE_MODULES = YES;
				CLANG_ENABLE_OBJC_ARC = YES;
				CLANG_ENABLE_OBJC_WEAK = YES;
				CLANG_WARN_BLOCK_CAPTURE_AUTORELEASING = YES;
				CLANG_WARN_BOOL_CONVERSION = YES;
				CLANG_WARN_COMMA = YES;
				CLANG_WARN_CONSTANT_CONVERSION = YES;
				CLANG_WARN_DEPRECATED_OBJC_IMPLEMENTATIONS = YES;
				CLANG_WARN_DIRECT_OBJC_ISA_USAGE = YES_ERROR;
				CLANG_WARN_DOCUMENTATION_COMMENTS = YES;
				CLANG_WARN_EMPTY_BODY = YES;
				CLANG_WARN_ENUM_CONVERSION = YES;
				CLANG_WARN_INFINITE_RECURSION = YES;
				CLANG_WARN_INT_CONVERSION = YES;
				CLANG_WARN_NON_LITERAL_NULL_CONVERSION = YES;
				CLANG_WARN_OBJC_IMPLICIT_RETAIN_SELF = YES;
				CLANG_WARN_OBJC_LITERAL_CONVERSION = YES;
				CLANG_WARN_OBJC_ROOT_CLASS = YES_ERROR;
				CLANG_WARN_RANGE_LOOP_ANALYSIS = YES;
				CLANG_WARN_STRICT_PROTOTYPES = YES;
				CLANG_WARN_SUSPICIOUS_MOVE = YES;
				CLANG_WARN_UNGUARDED_AVAILABILITY = YES_AGGRESSIVE;
				CLANG_WARN_UNREACHABLE_CODE = YES;
				CLANG_WARN__DUPLICATE_METHOD_MATCH = YES;
				CODE_SIGN_IDENTITY = "Mac Developer";
				COPY_PHASE_STRIP = NO;
				DEBUG_INFORMATION_FORMAT = "dwarf-with-dsym";
				ENABLE_NS_ASSERTIONS = NO;
				ENABLE_STRICT_OBJC_MSGSEND = YES;
				GCC_C_LANGUAGE_STANDARD = gnu11;
				GCC_NO_COMMON_BLOCKS = YES;
				GCC_WARN_64_TO_32_BIT_CONVERSION = YES;
				GCC_WARN_ABOUT_RETURN_TYPE = YES_ERROR;
				GCC_WARN_UNDECLARED_SELECTOR = YES;
				GCC_WARN_UNINITIALIZED_AUTOS = YES_AGGRESSIVE;
				GCC_WARN_UNUSED_FUNCTION = YES;
				GCC_WARN_UNUSED_VARIABLE = YES;
				MACOSX_DEPLOYMENT_TARGET = 10.13;
				MTL_ENABLE_DEBUG_INFO = NO;
				MTL_FAST_MATH = YES;
				SDKROOT = macosx;
			};
			name = Release;
		};
		E68B7D2321EBE80C005236F9 /* Debug */ = {
			isa = XCBuildConfiguration;
			buildSettings = {
				CLANG_ANALYZER_GCD_PERFORMANCE = YES;
				CLANG_ANALYZER_SECURITY_FLOATLOOPCOUNTER = YES;
				CLANG_ANALYZER_SECURITY_INSECUREAPI_RAND = YES;
				CLANG_ANALYZER_SECURITY_INSECUREAPI_STRCPY = YES;
				CLANG_CXX_LANGUAGE_STANDARD = "c++14";
				CLANG_WARN_ASSIGN_ENUM = YES;
				CLANG_WARN_CXX0X_EXTENSIONS = YES;
				CLANG_WARN_FLOAT_CONVERSION = YES_ERROR;
				CLANG_WARN_IMPLICIT_SIGN_CONVERSION = YES;
				CLANG_WARN_OBJC_EXPLICIT_OWNERSHIP_TYPE = YES;
				CLANG_WARN_OBJC_IMPLICIT_ATOMIC_PROPERTIES = YES;
				CLANG_WARN_OBJC_MISSING_PROPERTY_SYNTHESIS = YES;
				CLANG_WARN_OBJC_REPEATED_USE_OF_WEAK = YES;
				CLANG_WARN_SUSPICIOUS_IMPLICIT_CONVERSION = YES;
				CODE_SIGN_IDENTITY = "";
				CODE_SIGN_STYLE = Automatic;
				DEVELOPMENT_TEAM = WWL399TWC3;
				GCC_WARN_ABOUT_MISSING_FIELD_INITIALIZERS = YES;
				GCC_WARN_INITIALIZER_NOT_FULLY_BRACKETED = YES;
				GCC_WARN_NON_VIRTUAL_DESTRUCTOR = YES;
				GCC_WARN_PEDANTIC = YES;
				GCC_WARN_SIGN_COMPARE = YES;
				GCC_WARN_STRICT_SELECTOR_MATCH = YES;
				PRODUCT_NAME = "$(TARGET_NAME)";
				SKIP_INSTALL = YES;
			};
			name = Debug;
		};
		E68B7D2421EBE80C005236F9 /* Release */ = {
			isa = XCBuildConfiguration;
			buildSettings = {
				CLANG_ANALYZER_GCD_PERFORMANCE = YES;
				CLANG_ANALYZER_SECURITY_FLOATLOOPCOUNTER = YES;
				CLANG_ANALYZER_SECURITY_INSECUREAPI_RAND = YES;
				CLANG_ANALYZER_SECURITY_INSECUREAPI_STRCPY = YES;
				CLANG_CXX_LANGUAGE_STANDARD = "c++14";
				CLANG_WARN_ASSIGN_ENUM = YES;
				CLANG_WARN_CXX0X_EXTENSIONS = YES;
				CLANG_WARN_FLOAT_CONVERSION = YES_ERROR;
				CLANG_WARN_IMPLICIT_SIGN_CONVERSION = YES;
				CLANG_WARN_OBJC_EXPLICIT_OWNERSHIP_TYPE = YES;
				CLANG_WARN_OBJC_IMPLICIT_ATOMIC_PROPERTIES = YES;
				CLANG_WARN_OBJC_MISSING_PROPERTY_SYNTHESIS = YES;
				CLANG_WARN_OBJC_REPEATED_USE_OF_WEAK = YES;
				CLANG_WARN_SUSPICIOUS_IMPLICIT_CONVERSION = YES;
				CODE_SIGN_IDENTITY = "";
				CODE_SIGN_STYLE = Automatic;
				DEVELOPMENT_TEAM = WWL399TWC3;
				GCC_OPTIMIZATION_LEVEL = 3;
				GCC_UNROLL_LOOPS = YES;
				GCC_WARN_ABOUT_MISSING_FIELD_INITIALIZERS = YES;
				GCC_WARN_INITIALIZER_NOT_FULLY_BRACKETED = YES;
				GCC_WARN_NON_VIRTUAL_DESTRUCTOR = YES;
				GCC_WARN_PEDANTIC = YES;
				GCC_WARN_SIGN_COMPARE = YES;
				GCC_WARN_STRICT_SELECTOR_MATCH = YES;
				INSTALL_PATH = /;
				LLVM_LTO = YES_THIN;
				PRODUCT_NAME = "$(TARGET_NAME)";
			};
			name = Release;
		};
/* End XCBuildConfiguration section */

/* Begin XCConfigurationList section */
		E68B7D1621EBE80C005236F9 /* Build configuration list for PBXProject "hybrid_1d" */ = {
			isa = XCConfigurationList;
			buildConfigurations = (
				E68B7D2021EBE80C005236F9 /* Debug */,
				E68B7D2121EBE80C005236F9 /* Release */,
			);
			defaultConfigurationIsVisible = 0;
			defaultConfigurationName = Release;
		};
		E68B7D2221EBE80C005236F9 /* Build configuration list for PBXNativeTarget "hybrid_1d" */ = {
			isa = XCConfigurationList;
			buildConfigurations = (
				E68B7D2321EBE80C005236F9 /* Debug */,
				E68B7D2421EBE80C005236F9 /* Release */,
			);
			defaultConfigurationIsVisible = 0;
			defaultConfigurationName = Release;
		};
/* End XCConfigurationList section */
	};
	rootObject = E68B7D1321EBE80C005236F9 /* Project object */;
}
